
Microsoft Visual Studio Solution File, Format Version 11.00
# Visual Studio 2010
# SharpDevelop 5.1
Project("{FAE04EC0-301F-11D3-BF4B-00C04F79EFBC}") = "Semifinal_Activity_1", "Semifinal_Activity_1.csproj", "{013F042F-AD5F-48A7-8AD8-EEC16DD93A44}"
EndProject
Global
	GlobalSection(SolutionConfigurationPlatforms) = preSolution
		Debug|Any CPU = Debug|Any CPU
		Release|Any CPU = Release|Any CPU
	EndGlobalSection
	GlobalSection(ProjectConfigurationPlatforms) = postSolution
		{013F042F-AD5F-48A7-8AD8-EEC16DD93A44}.Debug|Any CPU.ActiveCfg = Debug|Any CPU
		{013F042F-AD5F-48A7-8AD8-EEC16DD93A44}.Debug|Any CPU.Build.0 = Debug|Any CPU
		{013F042F-AD5F-48A7-8AD8-EEC16DD93A44}.Release|Any CPU.ActiveCfg = Release|Any CPU
		{013F042F-AD5F-48A7-8AD8-EEC16DD93A44}.Release|Any CPU.Build.0 = Release|Any CPU
	EndGlobalSection
EndGlobal
